# @generated by Move, please check-in and do not edit manually.

[move]
version = 2
manifest_digest = "D51619480ACA6CF5D3CAB91CAB7E7D99DC83C97F2CB1C6EB50323E75340C8D0F"
deps_digest = "F8BBB0CCB2491CA29A3DF03D6F92277A4F3574266507ACD77214D37ECA3F3082"
dependencies = [
  { name = "Sui" },
]

[[move.package]]
name = "MoveStdlib"
source = { git = "https://github.com/MystenLabs/sui.git", rev = "framework/testnet", subdir = "crates/sui-framework/packages/move-stdlib" }

[[move.package]]
name = "Sui"
source = { git = "https://github.com/MystenLabs/sui.git", rev = "framework/testnet", subdir = "crates/sui-framework/packages/sui-framework" }

dependencies = [
  { name = "MoveStdlib" },
]

[move.toolchain-version]
compiler-version = "1.33.0"
edition = "2024.beta"
flavor = "sui"

[env]

[env.testnet]
chain-id = "4c78adac"
original-published-id = "0xfa46068c7b307fdb71010cb5fef8645af029286989d7032c9a7cb5bd675a69b4"
latest-published-id = "0xfa46068c7b307fdb71010cb5fef8645af029286989d7032c9a7cb5bd675a69b4"
published-version = "1"
